<?xml version="1.0" encoding="utf-8"?>
<Project ToolsVersion="4.0" xmlns="http://schemas.microsoft.com/developer/msbuild/2003">
  <ItemGroup>
    <Filter Include="system">
      <UniqueIdentifier>{22dd8095-74f9-46df-81a1-36675a040b1f}</UniqueIdentifier>
    </Filter>
    <Filter Include="Player">
      <UniqueIdentifier>{edb20865-0fd6-4dd2-84e2-ed66eb0f05d6}</UniqueIdentifier>
    </Filter>
    <Filter Include="Enemy">
      <UniqueIdentifier>{ba9bec86-82fe-4416-b444-6370ef53de64}</UniqueIdentifier>
    </Filter>
    <Filter Include="Collision">
      <UniqueIdentifier>{3d0e3cab-0c10-4b96-b603-09fa1c3e4728}</UniqueIdentifier>
    </Filter>
    <Filter Include="UI">
      <UniqueIdentifier>{8eda26bf-80d9-4247-ae68-c103d31c83dd}</UniqueIdentifier>
    </Filter>
    <Filter Include="Gimmic">
      <UniqueIdentifier>{cc08f4db-1812-4b6e-bca9-387e7a40253e}</UniqueIdentifier>
    </Filter>
  </ItemGroup>
  <ItemGroup>
    <ClCompile Include="stdafx.cpp" />
    <ClCompile Include="main.cpp" />
    <ClCompile Include="system\system.cpp">
      <Filter>system</Filter>
    </ClCompile>
    <ClCompile Include="Game.cpp" />
    <ClCompile Include="CharacterBase.cpp" />
    <ClCompile Include="Stage.cpp" />
    <ClCompile Include="GameCamera.cpp" />
    <ClCompile Include="Transform.cpp" />
    <ClCompile Include="AttackCollision.cpp" />
    <ClCompile Include="Star.cpp" />
    <ClCompile Include="Title.cpp" />
    <ClCompile Include="StarCounter.cpp" />
    <ClCompile Include="GameClear.cpp" />
    <ClCompile Include="GameOver.cpp" />
    <ClCompile Include="EnemyManager.cpp" />
    <ClCompile Include="Collision\CollisionManager.cpp">
      <Filter>Collision</Filter>
    </ClCompile>
    <ClCompile Include="Enemy\Boss.cpp">
      <Filter>Enemy</Filter>
    </ClCompile>
    <ClCompile Include="Enemy\BossState.cpp">
      <Filter>Enemy</Filter>
    </ClCompile>
    <ClCompile Include="Enemy\Enemy.cpp">
      <Filter>Enemy</Filter>
    </ClCompile>
    <ClCompile Include="Enemy\EnemyState.cpp">
      <Filter>Enemy</Filter>
    </ClCompile>
    <ClCompile Include="Enemy\EnemyType2.cpp">
      <Filter>Enemy</Filter>
    </ClCompile>
    <ClCompile Include="Enemy\EnemyType2State.cpp">
      <Filter>Enemy</Filter>
    </ClCompile>
    <ClCompile Include="Player\PlayerState.cpp">
      <Filter>Player</Filter>
    </ClCompile>
    <ClCompile Include="Player\Player.cpp">
      <Filter>Player</Filter>
    </ClCompile>
    <ClCompile Include="UI\HPUI.cpp">
      <Filter>UI</Filter>
    </ClCompile>
    <ClCompile Include="Gimmic\Warp.cpp">
      <Filter>Gimmic</Filter>
    </ClCompile>
    <ClCompile Include="Gimmic\Cannon.cpp">
      <Filter>Gimmic</Filter>
    </ClCompile>
    <ClCompile Include="EffectManager.cpp" />
    <ClCompile Include="Coin.cpp" />
    <ClCompile Include="CoinCount.cpp" />
    <ClCompile Include="UI\CoinUI.cpp">
      <Filter>UI</Filter>
    </ClCompile>
    <ClCompile Include="SoundManager.cpp" />
    <ClCompile Include="UI\BossBarsUI.cpp">
      <Filter>UI</Filter>
    </ClCompile>
    <ClCompile Include="Magic.cpp" />
  </ItemGroup>
  <ItemGroup>
    <ClInclude Include="stdafx.h" />
    <ClInclude Include="system\system.h">
      <Filter>system</Filter>
    </ClInclude>
    <ClInclude Include="Game.h" />
    <ClInclude Include="CharacterBase.h" />
    <ClInclude Include="Stage.h" />
    <ClInclude Include="GameCamera.h" />
    <ClInclude Include="Transform.h" />
    <ClInclude Include="AttackCollision.h" />
    <ClInclude Include="Star.h" />
    <ClInclude Include="Title.h" />
    <ClInclude Include="StarCounter.h" />
    <ClInclude Include="GameClear.h" />
    <ClInclude Include="GameOver.h" />
    <ClInclude Include="EnemyManager.h" />
    <ClInclude Include="Collision\CollisionManager.h">
      <Filter>Collision</Filter>
    </ClInclude>
    <ClInclude Include="Enemy\Boss.h">
      <Filter>Enemy</Filter>
    </ClInclude>
    <ClInclude Include="Enemy\BossState.h">
      <Filter>Enemy</Filter>
    </ClInclude>
    <ClInclude Include="Enemy\Enemy.h">
      <Filter>Enemy</Filter>
    </ClInclude>
    <ClInclude Include="Enemy\EnemyState.h">
      <Filter>Enemy</Filter>
    </ClInclude>
    <ClInclude Include="Enemy\EnemyType2.h">
      <Filter>Enemy</Filter>
    </ClInclude>
    <ClInclude Include="Enemy\EnemyType2State.h">
      <Filter>Enemy</Filter>
    </ClInclude>
    <ClInclude Include="Player\Player.h">
      <Filter>Player</Filter>
    </ClInclude>
    <ClInclude Include="Player\PlayerState.h">
      <Filter>Player</Filter>
    </ClInclude>
    <ClInclude Include="UI\HPUI.h">
      <Filter>UI</Filter>
    </ClInclude>
    <ClInclude Include="Gimmic\Warp.h">
      <Filter>Gimmic</Filter>
    </ClInclude>
    <ClInclude Include="Gimmic\Cannon.h">
      <Filter>Gimmic</Filter>
    </ClInclude>
    <ClInclude Include="EffectManager.h" />
    <ClInclude Include="Coin.h" />
    <ClInclude Include="CoinCount.h" />
    <ClInclude Include="UI\CoinUI.h">
      <Filter>UI</Filter>
    </ClInclude>
    <ClInclude Include="SoundManager.h" />
    <ClInclude Include="UI\BossBarsUI.h">
      <Filter>UI</Filter>
    </ClInclude>
    <ClInclude Include="Magic.h" />
  </ItemGroup>
</Project>