<?xml version="1.0" encoding="utf-8"?>
<Project ToolsVersion="4.0" xmlns="http://schemas.microsoft.com/developer/msbuild/2003">
  <ItemGroup>
    <Filter Include="system">
      <UniqueIdentifier>{22dd8095-74f9-46df-81a1-36675a040b1f}</UniqueIdentifier>
    </Filter>
    <Filter Include="Player">
      <UniqueIdentifier>{edb20865-0fd6-4dd2-84e2-ed66eb0f05d6}</UniqueIdentifier>
    </Filter>
    <Filter Include="Enemy">
      <UniqueIdentifier>{ba9bec86-82fe-4416-b444-6370ef53de64}</UniqueIdentifier>
    </Filter>
    <Filter Include="Collision">
      <UniqueIdentifier>{3d0e3cab-0c10-4b96-b603-09fa1c3e4728}</UniqueIdentifier>
    </Filter>
    <Filter Include="UI">
      <UniqueIdentifier>{8eda26bf-80d9-4247-ae68-c103d31c83dd}</UniqueIdentifier>
    </Filter>
  </ItemGroup>
  <ItemGroup>
    <ClCompile Include="stdafx.cpp" />
    <ClCompile Include="main.cpp" />
    <ClCompile Include="system\system.cpp">
      <Filter>system</Filter>
    </ClCompile>
    <ClCompile Include="Game.cpp" />
    <ClCompile Include="CharacterBase.cpp" />
    <ClCompile Include="Stage.cpp" />
    <ClCompile Include="GameCamera.cpp" />
    <ClCompile Include="Transform.cpp" />
    <ClCompile Include="AttackCollision.cpp" />
    <ClCompile Include="Star.cpp" />
    <ClCompile Include="Title.cpp" />
    <ClCompile Include="StarCounter.cpp" />
    <ClCompile Include="Player.cpp">
      <Filter>Player</Filter>
    </ClCompile>
    <ClCompile Include="PlayerState.cpp">
      <Filter>Player</Filter>
    </ClCompile>
    <ClCompile Include="Enemy.cpp">
      <Filter>Enemy</Filter>
    </ClCompile>
    <ClCompile Include="EnemyState.cpp">
      <Filter>Enemy</Filter>
    </ClCompile>
    <ClCompile Include="EnemyType2.cpp">
      <Filter>Enemy</Filter>
    </ClCompile>
    <ClCompile Include="EnemyType2State.cpp">
      <Filter>Enemy</Filter>
    </ClCompile>
    <ClCompile Include="Boss.cpp">
      <Filter>Enemy</Filter>
    </ClCompile>
    <ClCompile Include="BossState.cpp">
      <Filter>Enemy</Filter>
    </ClCompile>
    <ClCompile Include="GameClear.cpp" />
    <ClCompile Include="GameOver.cpp" />
    <ClCompile Include="EnemyManager.cpp" />
    <ClCompile Include="Collision\CollisionManager.cpp">
      <Filter>Collision</Filter>
    </ClCompile>
    <ClCompile Include="HPUI.cpp">
      <Filter>UI</Filter>
    </ClCompile>
  </ItemGroup>
  <ItemGroup>
    <ClInclude Include="stdafx.h" />
    <ClInclude Include="system\system.h">
      <Filter>system</Filter>
    </ClInclude>
    <ClInclude Include="Game.h" />
    <ClInclude Include="CharacterBase.h" />
    <ClInclude Include="Stage.h" />
    <ClInclude Include="GameCamera.h" />
    <ClInclude Include="Transform.h" />
    <ClInclude Include="AttackCollision.h" />
    <ClInclude Include="Star.h" />
    <ClInclude Include="Title.h" />
    <ClInclude Include="StarCounter.h" />
    <ClInclude Include="PlayerState.h">
      <Filter>Player</Filter>
    </ClInclude>
    <ClInclude Include="Player.h">
      <Filter>Player</Filter>
    </ClInclude>
    <ClInclude Include="Enemy.h">
      <Filter>Enemy</Filter>
    </ClInclude>
    <ClInclude Include="EnemyState.h">
      <Filter>Enemy</Filter>
    </ClInclude>
    <ClInclude Include="EnemyType2.h">
      <Filter>Enemy</Filter>
    </ClInclude>
    <ClInclude Include="EnemyType2State.h">
      <Filter>Enemy</Filter>
    </ClInclude>
    <ClInclude Include="Boss.h">
      <Filter>Enemy</Filter>
    </ClInclude>
    <ClInclude Include="BossState.h">
      <Filter>Enemy</Filter>
    </ClInclude>
    <ClInclude Include="GameClear.h" />
    <ClInclude Include="GameOver.h" />
    <ClInclude Include="EnemyManager.h" />
    <ClInclude Include="Collision\CollisionManager.h">
      <Filter>Collision</Filter>
    </ClInclude>
    <ClInclude Include="HPUI.h">
      <Filter>UI</Filter>
    </ClInclude>
  </ItemGroup>
</Project>